{
  "nodes": {
    "nixpkgs": {
      "locked": {
        "lastModified": 1668912770,
        "narHash": "sha256-Nzt7ALUl5PrUAYIH8aRbj+njkJZVQ4VQBkWx+qQvqyM=",
        "owner": "NixOS",
        "repo": "nixpkgs",
        "rev": "862277ac9d34273cd953f42061e23d488d6b7e8b",
        "type": "github"
      },
      "original": {
        "owner": "NixOS",
        "ref": "nixpkgs-unstable",
        "repo": "nixpkgs",
        "type": "github"
      }
    },
    "root": {
      "inputs": {
        "nixpkgs": "nixpkgs"
      }
    }
  },
  "root": "root",
  "version": 7
}
