{
  "nodes": {
    "nixpkgs": {
      "locked": {
        "lastModified": 1661008273,
        "narHash": "sha256-UpDqsGzUswIHG7FwzeIewjWlElF17UVLNbI2pwlbcBY=",
        "owner": "NixOS",
        "repo": "nixpkgs",
        "rev": "0cc6444e74cd21e8da8d81ef4cd778492e10f843",
        "type": "github"
      },
      "original": {
        "owner": "NixOS",
        "ref": "nixpkgs-unstable",
        "repo": "nixpkgs",
        "type": "github"
      }
    },
    "promiseJsooChan": {
      "locked": {
        "lastModified": 1661023287,
        "narHash": "sha256-z6KC2sjvYS/YnWfXPYTo6m+tOZc7ph29UBlcWyf1rpg=",
        "owner": "jayesh-bhoot",
        "repo": "nixpkgs",
        "rev": "ec05d4be35f8bd8690885cec8ad15d15e23e3df0",
        "type": "github"
      },
      "original": {
        "owner": "jayesh-bhoot",
        "ref": "promise_jsoo",
        "repo": "nixpkgs",
        "type": "github"
      }
    },
    "root": {
      "inputs": {
        "nixpkgs": "nixpkgs",
        "promiseJsooChan": "promiseJsooChan"
      }
    }
  },
  "root": "root",
  "version": 7
}
