# THIS IS AN AUTOGENERATED FILE. DO NOT EDIT THIS FILE DIRECTLY.
# yarn lockfile v1


bucklescript-tea@^0.15.0:
  version "0.15.0"
  resolved "https://registry.yarnpkg.com/bucklescript-tea/-/bucklescript-tea-0.15.0.tgz#45198d042e79e5b2b306054841e8d502a480c068"
  integrity sha512-ohK62oNyRxydBVc/v8y3dHszcEh65bTQJIGrB62IxMDqvhdxppPqFJ3DLa8TJQQmUTtj6PKnVaT/IHbsVWqohg==

reason-promise@^1.1.5:
  version "1.1.5"
  resolved "https://registry.yarnpkg.com/reason-promise/-/reason-promise-1.1.5.tgz#ea1d074428e13cbf75f749425b0fd698e94a0cd9"
  integrity sha512-T4VI8e3WrQ30HbQcmQ8HvJPZckD4AeTcZ+1aNdpJ/pjjRwjlBy63hr4v8fMSID0/6kPh1KrhN+5+4n7MouoZKQ==
